{
  "lockfileVersion": 1,
  "dependencies": {
    "coughdrop": {
      "version": "2.0.0",
      "resolved": "https://registry.npmjs.org/coughdrop/-/coughdrop-2.0.0.tgz",
      "integrity": "sha512-mm14IOoUUHO0upxKpPPRCW+zY/KW5MZPTzEXu2XOms/vjCG4qJaVw4vNyvVUiG5jgnjhOh6dEeSiUtc/k19hOQ=="
    }
  }
}
