{
  "lockfileVersion": 1,
  "dependencies": {
    "coughdrop": {
      "version": "0.0.1",
      "resolved": "https://registry.npmjs.org/coughdrop/-/coughdrop-0.0.1.tgz",
      "integrity": "sha512-BnhtOep/ZVVXTcesBsSg3M/zq6v/aqEikjyu4ERM6TpSoBo14HjTPfPvZtXMsbZcI5bPMJeeiIUoFW4kn7xCHg=="
    }
  }
}
